<?xml version="1.0" encoding="utf-8"?>
<Project ToolsVersion="4.0" xmlns="http://schemas.microsoft.com/developer/msbuild/2003">
  <ItemGroup>
    <Filter Include="Source Files">
      <UniqueIdentifier>{4FC737F1-C7A5-4376-A066-2A32D752A2FF}</UniqueIdentifier>
      <Extensions>cpp;c;cc;cxx;def;odl;idl;hpj;bat;asm;asmx</Extensions>
    </Filter>
    <Filter Include="Header Files">
      <UniqueIdentifier>{93995380-89BD-4b04-88EB-625FBE52EBFB}</UniqueIdentifier>
      <Extensions>h;hh;hpp;hxx;hm;inl;inc;xsd</Extensions>
    </Filter>
    <Filter Include="Resource Files">
      <UniqueIdentifier>{67DA6AB6-F800-4c08-8B7A-83BB121AAD01}</UniqueIdentifier>
      <Extensions>rc;ico;cur;bmp;dlg;rc2;rct;bin;rgs;gif;jpg;jpeg;jpe;resx;tiff;tif;png;wav;mfcribbon-ms</Extensions>
    </Filter>
    <Filter Include="Source Files\exports">
      <UniqueIdentifier>{43553214-93b2-4a39-a28e-aee5cb2a329c}</UniqueIdentifier>
    </Filter>
    <Filter Include="Source Files\frequency">
      <UniqueIdentifier>{81d05c3d-cdd3-4f9e-a1f9-45799fb85130}</UniqueIdentifier>
    </Filter>
    <Filter Include="Header Files\frequency">
      <UniqueIdentifier>{edcadab9-0468-4277-b2f9-48a4d2c07c96}</UniqueIdentifier>
    </Filter>
  </ItemGroup>
  <ItemGroup>
    <ClCompile Include="PvOrderScheduleManager.cpp">
      <Filter>Source Files</Filter>
    </ClCompile>
    <ClCompile Include="stdafx.cpp">
      <Filter>Source Files</Filter>
    </ClCompile>
    <ClCompile Include="InpatientOrderScheduleUpdater.cpp">
      <Filter>Source Files</Filter>
    </ClCompile>
    <ClCompile Include="InpatientOrderScheduleServiceCaller.cpp">
      <Filter>Source Files</Filter>
    </ClCompile>
    <ClCompile Include="ActivateOrderScheduleManager.cpp">
      <Filter>Source Files</Filter>
    </ClCompile>
    <ClCompile Include="ActivatePhaseScheduleManager.cpp">
      <Filter>Source Files</Filter>
    </ClCompile>
    <ClCompile Include="ChangePhaseStartDateTimeManager.cpp">
      <Filter>Source Files</Filter>
    </ClCompile>
    <ClCompile Include="ChangePhaseStartOrderScheduleManager.cpp">
      <Filter>Source Files</Filter>
    </ClCompile>
    <ClCompile Include="ChangePhaseStopDateTimeManager.cpp">
      <Filter>Source Files</Filter>
    </ClCompile>
    <ClCompile Include="ChangePhaseStopOrderScheduleManager.cpp">
      <Filter>Source Files</Filter>
    </ClCompile>
    <ClCompile Include="ChangePhaseTimeZeroDateTimeManager.cpp">
      <Filter>Source Files</Filter>
    </ClCompile>
    <ClCompile Include="CollectionPriorityChangePlanOrderScheduleUpdater.cpp">
      <Filter>Source Files</Filter>
    </ClCompile>
    <ClCompile Include="CollectionPriorityOffsetDeterminer.cpp">
      <Filter>Source Files</Filter>
    </ClCompile>
    <ClCompile Include="ComponentOffsetAndPriorityCombiner.cpp">
      <Filter>Source Files</Filter>
    </ClCompile>
    <ClCompile Include="ComponentOffsetChangeHandler.cpp">
      <Filter>Source Files</Filter>
    </ClCompile>
    <ClCompile Include="ComponentOffsetChangePlanOrderScheduleUpdater.cpp">
      <Filter>Source Files</Filter>
    </ClCompile>
    <ClCompile Include="ComponentOffsetHelper.cpp">
      <Filter>Source Files</Filter>
    </ClCompile>
    <ClCompile Include="ConstantIndicatorChangePlanOrderScheduleUpdater.cpp">
      <Filter>Source Files</Filter>
    </ClCompile>
    <ClCompile Include="ConstantIndicatorHelper.cpp">
      <Filter>Source Files</Filter>
    </ClCompile>
    <ClCompile Include="DoTOrderDateTimeUpdater.cpp">
      <Filter>Source Files</Filter>
    </ClCompile>
    <ClCompile Include="DurationChangePlanOrderScheduleUpdater.cpp">
      <Filter>Source Files</Filter>
    </ClCompile>
    <ClCompile Include="DurationDisplayHelper.cpp">
      <Filter>Source Files</Filter>
    </ClCompile>
    <ClCompile Include="PlannedComponentDeterminer.cpp">
      <Filter>Source Files</Filter>
    </ClCompile>
    <ClCompile Include="PlanOrderDateTimesModifiableDeterminer.cpp">
      <Filter>Source Files</Filter>
    </ClCompile>
    <ClCompile Include="PlanPhaseDateTimesModifiableDeterminer.cpp">
      <Filter>Source Files</Filter>
    </ClCompile>
    <ClCompile Include="PlanScheduleManager.cpp">
      <Filter>Source Files</Filter>
    </ClCompile>
    <ClCompile Include="PrescriptionComponentRetriever.cpp">
      <Filter>Source Files</Filter>
    </ClCompile>
    <ClCompile Include="PrescriptionScheduleManager.cpp">
      <Filter>Source Files</Filter>
    </ClCompile>
    <ClCompile Include="PriorityFieldHelper.cpp">
      <Filter>Source Files</Filter>
    </ClCompile>
    <ClCompile Include="PRNChangePlanOrderScheduleUpdater.cpp">
      <Filter>Source Files</Filter>
    </ClCompile>
    <ClCompile Include="PRNFlagUpdater.cpp">
      <Filter>Source Files</Filter>
    </ClCompile>
    <ClCompile Include="PrnIndicatorDeterminer.cpp">
      <Filter>Source Files</Filter>
    </ClCompile>
    <ClCompile Include="ReferenceStartDateTimeChangePlanOrderScheduleUpdater.cpp">
      <Filter>Source Files</Filter>
    </ClCompile>
    <ClCompile Include="RequestedStartDateTimeChangePlanOrderScheduleUpdater.cpp">
      <Filter>Source Files</Filter>
    </ClCompile>
    <ClCompile Include="StopDateTimeChangePlanOrderScheduleUpdater.cpp">
      <Filter>Source Files</Filter>
    </ClCompile>
    <ClCompile Include="SubPhaseRetriever.cpp">
      <Filter>Source Files</Filter>
    </ClCompile>
    <ClCompile Include="SubPhaseScheduleManager.cpp">
      <Filter>Source Files</Filter>
    </ClCompile>
    <ClCompile Include="OrderStartDateTimeUpdater.cpp">
      <Filter>Source Files</Filter>
    </ClCompile>
    <ClCompile Include="IntervalChildrenScheduleHelper.cpp">
      <Filter>Source Files</Filter>
    </ClCompile>
    <ClCompile Include="LinkedToPhaseDurationUpdater.cpp">
      <Filter>Source Files</Filter>
    </ClCompile>
    <ClCompile Include="OrderDurationHelper.cpp">
      <Filter>Source Files</Filter>
    </ClCompile>
    <ClCompile Include="PhaseTimeZeroDateTimeDeterminer.cpp">
      <Filter>Source Files</Filter>
    </ClCompile>
    <ClCompile Include="ProtocolOrderScheduleManager.cpp">
      <Filter>Source Files</Filter>
    </ClCompile>
    <ClCompile Include="TimeZeroHelper.cpp">
      <Filter>Source Files</Filter>
    </ClCompile>
    <ClCompile Include="OutcomeComponentRetriever.cpp">
      <Filter>Source Files</Filter>
    </ClCompile>
    <ClCompile Include="OutcomeScheduleManager.cpp">
      <Filter>Source Files</Filter>
    </ClCompile>
    <ClCompile Include="PharmacyPriorityChangePlanOrderScheduleUpdater.cpp">
      <Filter>Source Files</Filter>
    </ClCompile>
    <ClCompile Include="PharmacyPriorityHelper.cpp">
      <Filter>Source Files</Filter>
    </ClCompile>
    <ClCompile Include="ModifiableOrderRetriever.cpp">
      <Filter>Source Files</Filter>
    </ClCompile>
    <ClCompile Include="MostNegativeTimeZeroOffsetDeterminer.cpp">
      <Filter>Source Files</Filter>
    </ClCompile>
    <ClCompile Include="IncludeComponentScheduleManager.cpp">
      <Filter>Source Files</Filter>
    </ClCompile>
    <ClCompile Include="IncludedComponentRetriever.cpp">
      <Filter>Source Files</Filter>
    </ClCompile>
    <ClCompile Include="IncludeOrderScheduleManager.cpp">
      <Filter>Source Files</Filter>
    </ClCompile>
    <ClCompile Include="InfuseOverChangePlanOrderScheduleUpdater.cpp">
      <Filter>Source Files</Filter>
    </ClCompile>
    <ClCompile Include="InitiateOrderScheduleManager.cpp">
      <Filter>Source Files</Filter>
    </ClCompile>
    <ClCompile Include="InitiatePhaseScheduleManager.cpp">
      <Filter>Source Files</Filter>
    </ClCompile>
    <ClCompile Include="OrderComponentRetriever.cpp">
      <Filter>Source Files</Filter>
    </ClCompile>
    <ClCompile Include="DoTComponentRetriever.cpp">
      <Filter>Source Files</Filter>
    </ClCompile>
    <ClCompile Include="ExcludeComponentScheduleManager.cpp">
      <Filter>Source Files</Filter>
    </ClCompile>
    <ClCompile Include="FrequencyChangePlanOrderScheduleUpdater.cpp">
      <Filter>Source Files</Filter>
    </ClCompile>
    <ClCompile Include="FutureChangePlanOrderScheduleUpdater.cpp">
      <Filter>Source Files</Filter>
    </ClCompile>
    <ClCompile Include="GenericPriorityChangePlanOrderScheduleUpdater.cpp">
      <Filter>Source Files</Filter>
    </ClCompile>
    <ClCompile Include="GenericPriorityOffsetDeterminer.cpp">
      <Filter>Source Files</Filter>
    </ClCompile>
    <ClCompile Include="SchedulingInstructionsChangePlanOrderScheduleUpdater.cpp">
      <Filter>Source Files</Filter>
    </ClCompile>
    <ClCompile Include="SchedulingInstructionsHelper.cpp">
      <Filter>Source Files</Filter>
    </ClCompile>
    <ClCompile Include="PvOrderScheduleManagerExp.cpp">
      <Filter>Source Files\exports</Filter>
    </ClCompile>
    <ClCompile Include="ModifyPlanOrderScheduleManager.cpp">
      <Filter>Source Files</Filter>
    </ClCompile>
    <ClCompile Include="PvFrequencyScheduleManager.cpp">
      <Filter>Source Files\frequency</Filter>
    </ClCompile>
    <ClCompile Include="AdhocFrequencyDeterminer.cpp">
      <Filter>Source Files\frequency</Filter>
    </ClCompile>
    <ClCompile Include="UpdateStopTypeFieldHelper.cpp">
      <Filter>Source Files</Filter>
    </ClCompile>
    <ClCompile Include="LinkedPhaseStartDtTmHelper.cpp">
      <Filter>Source Files</Filter>
    </ClCompile>
  </ItemGroup>
  <ItemGroup>
    <ClInclude Include="PvOrderScheduleManager.h">
      <Filter>Header Files</Filter>
    </ClInclude>
    <ClInclude Include="stdafx.h">
      <Filter>Header Files</Filter>
    </ClInclude>
    <ClInclude Include="Resource.h">
      <Filter>Header Files</Filter>
    </ClInclude>
    <ClInclude Include="InpatientOrderScheduleUpdater.h">
      <Filter>Header Files</Filter>
    </ClInclude>
    <ClInclude Include="InpatientOrderScheduleServiceCaller.h">
      <Filter>Header Files</Filter>
    </ClInclude>
    <ClInclude Include="ActivateOrderScheduleManager.h">
      <Filter>Header Files</Filter>
    </ClInclude>
    <ClInclude Include="ActivatePhaseScheduleManager.h">
      <Filter>Header Files</Filter>
    </ClInclude>
    <ClInclude Include="ChangePhaseStartDateTimeManager.h">
      <Filter>Header Files</Filter>
    </ClInclude>
    <ClInclude Include="ChangePhaseStartOrderScheduleManager.h">
      <Filter>Header Files</Filter>
    </ClInclude>
    <ClInclude Include="ChangePhaseStopDateTimeManager.h">
      <Filter>Header Files</Filter>
    </ClInclude>
    <ClInclude Include="ChangePhaseStopOrderScheduleManager.h">
      <Filter>Header Files</Filter>
    </ClInclude>
    <ClInclude Include="ChangePhaseTimeZeroDateTimeManager.h">
      <Filter>Header Files</Filter>
    </ClInclude>
    <ClInclude Include="CollectionPriorityChangePlanOrderScheduleUpdater.h">
      <Filter>Header Files</Filter>
    </ClInclude>
    <ClInclude Include="CollectionPriorityOffsetDeterminer.h">
      <Filter>Header Files</Filter>
    </ClInclude>
    <ClInclude Include="ComponentOffsetAndPriorityCombiner.h">
      <Filter>Header Files</Filter>
    </ClInclude>
    <ClInclude Include="ComponentOffsetChangeHandler.h">
      <Filter>Header Files</Filter>
    </ClInclude>
    <ClInclude Include="ComponentOffsetChangePlanOrderScheduleUpdater.h">
      <Filter>Header Files</Filter>
    </ClInclude>
    <ClInclude Include="ComponentOffsetHelper.h">
      <Filter>Header Files</Filter>
    </ClInclude>
    <ClInclude Include="ConstantIndicatorChangePlanOrderScheduleUpdater.h">
      <Filter>Header Files</Filter>
    </ClInclude>
    <ClInclude Include="ConstantIndicatorHelper.h">
      <Filter>Header Files</Filter>
    </ClInclude>
    <ClInclude Include="DoTOrderDateTimeUpdater.h">
      <Filter>Header Files</Filter>
    </ClInclude>
    <ClInclude Include="DurationChangePlanOrderScheduleUpdater.h">
      <Filter>Header Files</Filter>
    </ClInclude>
    <ClInclude Include="DurationDisplayHelper.h">
      <Filter>Header Files</Filter>
    </ClInclude>
    <ClInclude Include="PlannedComponentDeterminer.h">
      <Filter>Header Files</Filter>
    </ClInclude>
    <ClInclude Include="PlanOrderDateTimesModifiableDeterminer.h">
      <Filter>Header Files</Filter>
    </ClInclude>
    <ClInclude Include="PlanPhaseDateTimesModifiableDeterminer.h">
      <Filter>Header Files</Filter>
    </ClInclude>
    <ClInclude Include="PlanScheduleManager.h">
      <Filter>Header Files</Filter>
    </ClInclude>
    <ClInclude Include="PrescriptionComponentRetriever.h">
      <Filter>Header Files</Filter>
    </ClInclude>
    <ClInclude Include="PrescriptionScheduleManager.h">
      <Filter>Header Files</Filter>
    </ClInclude>
    <ClInclude Include="PriorityFieldHelper.h">
      <Filter>Header Files</Filter>
    </ClInclude>
    <ClInclude Include="PRNChangePlanOrderScheduleUpdater.h">
      <Filter>Header Files</Filter>
    </ClInclude>
    <ClInclude Include="PRNFlagUpdater.h">
      <Filter>Header Files</Filter>
    </ClInclude>
    <ClInclude Include="PrnIndicatorDeterminer.h">
      <Filter>Header Files</Filter>
    </ClInclude>
    <ClInclude Include="ReferenceStartDateTimeChangePlanOrderScheduleUpdater.h">
      <Filter>Header Files</Filter>
    </ClInclude>
    <ClInclude Include="RequestedStartDateTimeChangePlanOrderScheduleUpdater.h">
      <Filter>Header Files</Filter>
    </ClInclude>
    <ClInclude Include="StopDateTimeChangePlanOrderScheduleUpdater.h">
      <Filter>Header Files</Filter>
    </ClInclude>
    <ClInclude Include="SubPhaseRetriever.h">
      <Filter>Header Files</Filter>
    </ClInclude>
    <ClInclude Include="SubPhaseScheduleManager.h">
      <Filter>Header Files</Filter>
    </ClInclude>
    <ClInclude Include="OrderStartDateTimeUpdater.h">
      <Filter>Header Files</Filter>
    </ClInclude>
    <ClInclude Include="IntervalChildrenScheduleHelper.h">
      <Filter>Header Files</Filter>
    </ClInclude>
    <ClInclude Include="LinkedToPhaseDurationUpdater.h">
      <Filter>Header Files</Filter>
    </ClInclude>
    <ClInclude Include="OrderDurationHelper.h">
      <Filter>Header Files</Filter>
    </ClInclude>
    <ClInclude Include="ProtocolOrderScheduleManager.h">
      <Filter>Header Files</Filter>
    </ClInclude>
    <ClInclude Include="TimeZeroHelper.h">
      <Filter>Header Files</Filter>
    </ClInclude>
    <ClInclude Include="OutcomeComponentRetriever.h">
      <Filter>Header Files</Filter>
    </ClInclude>
    <ClInclude Include="OutcomeScheduleManager.h">
      <Filter>Header Files</Filter>
    </ClInclude>
    <ClInclude Include="PharmacyPriorityChangePlanOrderScheduleUpdater.h">
      <Filter>Header Files</Filter>
    </ClInclude>
    <ClInclude Include="PharmacyPriorityHelper.h">
      <Filter>Header Files</Filter>
    </ClInclude>
    <ClInclude Include="ModifiableOrderRetriever.h">
      <Filter>Header Files</Filter>
    </ClInclude>
    <ClInclude Include="MostNegativeTimeZeroOffsetDeterminer.h">
      <Filter>Header Files</Filter>
    </ClInclude>
    <ClInclude Include="IncludeComponentScheduleManager.h">
      <Filter>Header Files</Filter>
    </ClInclude>
    <ClInclude Include="IncludedComponentRetriever.h">
      <Filter>Header Files</Filter>
    </ClInclude>
    <ClInclude Include="IncludeOrderScheduleManager.h">
      <Filter>Header Files</Filter>
    </ClInclude>
    <ClInclude Include="InfuseOverChangePlanOrderScheduleUpdater.h">
      <Filter>Header Files</Filter>
    </ClInclude>
    <ClInclude Include="InitiateOrderScheduleManager.h">
      <Filter>Header Files</Filter>
    </ClInclude>
    <ClInclude Include="InitiatePhaseScheduleManager.h">
      <Filter>Header Files</Filter>
    </ClInclude>
    <ClInclude Include="OrderComponentRetriever.h">
      <Filter>Header Files</Filter>
    </ClInclude>
    <ClInclude Include="DoTComponentRetriever.h">
      <Filter>Header Files</Filter>
    </ClInclude>
    <ClInclude Include="ExcludeComponentScheduleManager.h">
      <Filter>Header Files</Filter>
    </ClInclude>
    <ClInclude Include="FrequencyChangePlanOrderScheduleUpdater.h">
      <Filter>Header Files</Filter>
    </ClInclude>
    <ClInclude Include="FutureChangePlanOrderScheduleUpdater.h">
      <Filter>Header Files</Filter>
    </ClInclude>
    <ClInclude Include="GenericPriorityChangePlanOrderScheduleUpdater.h">
      <Filter>Header Files</Filter>
    </ClInclude>
    <ClInclude Include="GenericPriorityOffsetDeterminer.h">
      <Filter>Header Files</Filter>
    </ClInclude>
    <ClInclude Include="SchedulingInstructionsChangePlanOrderScheduleUpdater.h">
      <Filter>Header Files</Filter>
    </ClInclude>
    <ClInclude Include="SchedulingInstructionsHelper.h">
      <Filter>Header Files</Filter>
    </ClInclude>
    <ClInclude Include="ModifyPlanOrderScheduleManager.h">
      <Filter>Header Files</Filter>
    </ClInclude>
    <ClInclude Include="PvFrequencyScheduleManager.h">
      <Filter>Header Files\frequency</Filter>
    </ClInclude>
    <ClInclude Include="AdhocFrequencyDeterminer.h">
      <Filter>Header Files\frequency</Filter>
    </ClInclude>
    <ClInclude Include="UpdateStopTypeFieldHelper.h">
      <Filter>Header Files</Filter>
    </ClInclude>
    <ClInclude Include="PhaseTimeZeroDateTimeDeterminer.h">
      <Filter>Header Files</Filter>
    </ClInclude>
    <ClInclude Include="LinkedPhaseStartDtTmHelper.h">
      <Filter>Header Files</Filter>
    </ClInclude>
  </ItemGroup>
  <ItemGroup>
    <ResourceCompile Include="PvOrderScheduleManager.rc">
      <Filter>Resource Files</Filter>
    </ResourceCompile>
  </ItemGroup>
</Project>